{
  "lockfile_version": "1",
  "packages": {
    "github:NixOS/nixpkgs/nixpkgs-unstable": {
      "last_modified": "2025-04-13T09:22:33Z",
      "resolved": "github:NixOS/nixpkgs/18dd725c29603f582cf1900e0d25f9f1063dbf11?lastModified=1744536153&narHash=sha256-awS2zRgF4uTwrOKwwiJcByDzDOdo3Q1rPZbiHQg%2FN38%3D"
    },
    "goku@latest": {
      "last_modified": "2025-03-11T17:52:14Z",
      "resolved": "github:NixOS/nixpkgs/0d534853a55b5d02a4ababa1d71921ce8f0aee4c#goku",
      "source": "devbox-search",
      "version": "0.8.0",
      "systems": {
        "aarch64-darwin": {
          "outputs": [
            {
              "name": "out",
              "path": "/nix/store/s787w9x527mjl4rg1248mlw8h8vgn9c9-goku-0.8.0",
              "default": true
            }
          ],
          "store_path": "/nix/store/s787w9x527mjl4rg1248mlw8h8vgn9c9-goku-0.8.0"
        },
        "x86_64-darwin": {
          "outputs": [
            {
              "name": "out",
              "path": "/nix/store/qqf5s3qgj50nkj3ig2a2d4kn10wvwrjf-goku-0.8.0",
              "default": true
            }
          ],
          "store_path": "/nix/store/qqf5s3qgj50nkj3ig2a2d4kn10wvwrjf-goku-0.8.0"
        }
      }
    }
  }
}
